
Microsoft Visual Studio Solution File, Format Version 12.00
# Visual Studio Version 16
VisualStudioVersion = 16.0.29709.97
MinimumVisualStudioVersion = 10.0.40219.1
Project("{2150E333-8FDC-42A3-9474-1A3956D46DE8}") = "UI", "UI", "{0040E583-5727-44DE-9AFB-C3221037C44F}"
EndProject
Project("{FAE04EC0-301F-11D3-BF4B-00C04F79EFBC}") = "UIY", "UIY\UIY.csproj", "{9F26FDE2-FEEF-4C47-8CED-7D5F9C7E716E}"
EndProject
Global
	GlobalSection(SolutionConfigurationPlatforms) = preSolution
		Debug|Any CPU = Debug|Any CPU
		Release|Any CPU = Release|Any CPU
	EndGlobalSection
	GlobalSection(ProjectConfigurationPlatforms) = postSolution
		{9F26FDE2-FEEF-4C47-8CED-7D5F9C7E716E}.Debug|Any CPU.ActiveCfg = Debug|Any CPU
		{9F26FDE2-FEEF-4C47-8CED-7D5F9C7E716E}.Debug|Any CPU.Build.0 = Debug|Any CPU
		{9F26FDE2-FEEF-4C47-8CED-7D5F9C7E716E}.Release|Any CPU.ActiveCfg = Release|Any CPU
		{9F26FDE2-FEEF-4C47-8CED-7D5F9C7E716E}.Release|Any CPU.Build.0 = Release|Any CPU
	EndGlobalSection
	GlobalSection(SolutionProperties) = preSolution
		HideSolutionNode = FALSE
	EndGlobalSection
	GlobalSection(NestedProjects) = preSolution
		{9F26FDE2-FEEF-4C47-8CED-7D5F9C7E716E} = {0040E583-5727-44DE-9AFB-C3221037C44F}
	EndGlobalSection
	GlobalSection(ExtensibilityGlobals) = postSolution
		SolutionGuid = {B1A6FB96-8FA1-4B8D-B5EA-B284F475BB7D}
	EndGlobalSection
EndGlobal
